
Microsoft Visual Studio Solution File, Format Version 12.00
# Visual Studio Version 17
VisualStudioVersion = 17.14.36414.22
MinimumVisualStudioVersion = 10.0.40219.1
Project("{FAE04EC0-301F-11D3-BF4B-00C04F79EFBC}") = "Server", "Server.csproj", "{EEE43A00-C42B-4DD2-AE40-DAD2A99187FF}"
EndProject
Project("{FAE04EC0-301F-11D3-BF4B-00C04F79EFBC}") = "Client", "..\Client\Client.csproj", "{A6BC5867-10E0-4DD2-9523-7193BD225156}"
EndProject
Project("{FAE04EC0-301F-11D3-BF4B-00C04F79EFBC}") = "Biblioteka", "..\Biblioteka\Biblioteka.csproj", "{C97484DE-E034-46F7-ADA0-2F4AADB8D74D}"
EndProject
Project("{FAE04EC0-301F-11D3-BF4B-00C04F79EFBC}") = "Menadzer", "..\Menadzer\Menadzer.csproj", "{EEC07E1F-7B71-475F-A640-116B9CEBBF5E}"
EndProject
Global
	GlobalSection(SolutionConfigurationPlatforms) = preSolution
		Debug|Any CPU = Debug|Any CPU
		Release|Any CPU = Release|Any CPU
	EndGlobalSection
	GlobalSection(ProjectConfigurationPlatforms) = postSolution
		{EEE43A00-C42B-4DD2-AE40-DAD2A99187FF}.Debug|Any CPU.ActiveCfg = Debug|Any CPU
		{EEE43A00-C42B-4DD2-AE40-DAD2A99187FF}.Debug|Any CPU.Build.0 = Debug|Any CPU
		{EEE43A00-C42B-4DD2-AE40-DAD2A99187FF}.Release|Any CPU.ActiveCfg = Release|Any CPU
		{EEE43A00-C42B-4DD2-AE40-DAD2A99187FF}.Release|Any CPU.Build.0 = Release|Any CPU
		{A6BC5867-10E0-4DD2-9523-7193BD225156}.Debug|Any CPU.ActiveCfg = Debug|Any CPU
		{A6BC5867-10E0-4DD2-9523-7193BD225156}.Debug|Any CPU.Build.0 = Debug|Any CPU
		{A6BC5867-10E0-4DD2-9523-7193BD225156}.Release|Any CPU.ActiveCfg = Release|Any CPU
		{A6BC5867-10E0-4DD2-9523-7193BD225156}.Release|Any CPU.Build.0 = Release|Any CPU
		{C97484DE-E034-46F7-ADA0-2F4AADB8D74D}.Debug|Any CPU.ActiveCfg = Debug|Any CPU
		{C97484DE-E034-46F7-ADA0-2F4AADB8D74D}.Debug|Any CPU.Build.0 = Debug|Any CPU
		{C97484DE-E034-46F7-ADA0-2F4AADB8D74D}.Release|Any CPU.ActiveCfg = Release|Any CPU
		{C97484DE-E034-46F7-ADA0-2F4AADB8D74D}.Release|Any CPU.Build.0 = Release|Any CPU
		{EEC07E1F-7B71-475F-A640-116B9CEBBF5E}.Debug|Any CPU.ActiveCfg = Debug|Any CPU
		{EEC07E1F-7B71-475F-A640-116B9CEBBF5E}.Debug|Any CPU.Build.0 = Debug|Any CPU
		{EEC07E1F-7B71-475F-A640-116B9CEBBF5E}.Release|Any CPU.ActiveCfg = Release|Any CPU
		{EEC07E1F-7B71-475F-A640-116B9CEBBF5E}.Release|Any CPU.Build.0 = Release|Any CPU
	EndGlobalSection
	GlobalSection(SolutionProperties) = preSolution
		HideSolutionNode = FALSE
	EndGlobalSection
	GlobalSection(ExtensibilityGlobals) = postSolution
		SolutionGuid = {09F3C9EE-9955-4622-8147-F43099ECA9CB}
	EndGlobalSection
EndGlobal
